{
  "pins" : [
    {
      "identity" : "grammar",
      "kind" : "remoteSourceControl",
      "location" : "https://github.com/hakkabon/Grammar.git",
      "state" : {
        "revision" : "3816f5c668a98b29022a19757a40cb956b269f7e",
        "version" : "0.2.0"
      }
    },
    {
      "identity" : "grammardiagram",
      "kind" : "remoteSourceControl",
      "location" : "https://github.com/hakkabon/GrammarDiagram.git",
      "state" : {
        "revision" : "dc17ab061a1614ba0692be06aa69043b45bbbcd4",
        "version" : "0.1.0"
      }
    },
    {
      "identity" : "grammartokenizer",
      "kind" : "remoteSourceControl",
      "location" : "https://github.com/hakkabon/GrammarTokenizer.git",
      "state" : {
        "revision" : "71a0bf3fa9f2bfe3399ba10ffd2b33eb4826c989",
        "version" : "0.1.0"
      }
    },
    {
      "identity" : "swift-algorithms",
      "kind" : "remoteSourceControl",
      "location" : "https://github.com/apple/swift-algorithms",
      "state" : {
        "revision" : "87e50f483c54e6efd60e885f7f5aa946cee68023",
        "version" : "1.2.1"
      }
    },
    {
      "identity" : "swift-numerics",
      "kind" : "remoteSourceControl",
      "location" : "https://github.com/apple/swift-numerics.git",
      "state" : {
        "revision" : "0c0290ff6b24942dadb83a929ffaaa1481df04a2",
        "version" : "1.1.1"
      }
    },
    {
      "identity" : "terminalcolors",
      "kind" : "remoteSourceControl",
      "location" : "https://github.com/hakkabon/TerminalColors.git",
      "state" : {
        "revision" : "7e2d921425320e72822cbf5b8d17126b73655908",
        "version" : "0.1.0"
      }
    }
  ],
  "version" : 2
}
