{
  "pins" : [
    {
      "identity" : "grammar",
      "kind" : "remoteSourceControl",
      "location" : "https://github.com/hakkabon/Grammar.git",
      "state" : {
        "revision" : "69f85d7a493e1862412c34493e3656e94331df06"
      }
    },
    {
      "identity" : "grammardiagram",
      "kind" : "remoteSourceControl",
      "location" : "https://github.com/hakkabon/GrammarDiagram.git",
      "state" : {
        "revision" : "dc17ab061a1614ba0692be06aa69043b45bbbcd4"
      }
    },
    {
      "identity" : "grammartokenizer",
      "kind" : "remoteSourceControl",
      "location" : "https://github.com/hakkabon/GrammarTokenizer.git",
      "state" : {
        "revision" : "880af85a1f5809866f9656405c801fd04bcb4df9"
      }
    },
    {
      "identity" : "swift-algorithms",
      "kind" : "remoteSourceControl",
      "location" : "https://github.com/apple/swift-algorithms",
      "state" : {
        "revision" : "87e50f483c54e6efd60e885f7f5aa946cee68023",
        "version" : "1.2.1"
      }
    },
    {
      "identity" : "swift-numerics",
      "kind" : "remoteSourceControl",
      "location" : "https://github.com/apple/swift-numerics.git",
      "state" : {
        "revision" : "0c0290ff6b24942dadb83a929ffaaa1481df04a2",
        "version" : "1.1.1"
      }
    },
    {
      "identity" : "terminalcolors",
      "kind" : "remoteSourceControl",
      "location" : "https://github.com/hakkabon/TerminalColors.git",
      "state" : {
        "revision" : "d1ef429802e808ecdde4674221d892ae6d9f2215"
      }
    }
  ],
  "version" : 2
}
